
Microsoft Visual Studio Solution File, Format Version 12.00
# Visual Studio 15
VisualStudioVersion = 15.0.28307.489
MinimumVisualStudioVersion = 10.0.40219.1
Project("{FAE04EC0-301F-11D3-BF4B-00C04F79EFBC}") = "Exam", "Exam\Exam.csproj", "{A8B8CB19-3387-469D-9C0A-4D2338FA800A}"
EndProject
Global
	GlobalSection(SolutionConfigurationPlatforms) = preSolution
		Debug|Any CPU = Debug|Any CPU
		Release|Any CPU = Release|Any CPU
	EndGlobalSection
	GlobalSection(ProjectConfigurationPlatforms) = postSolution
		{A8B8CB19-3387-469D-9C0A-4D2338FA800A}.Debug|Any CPU.ActiveCfg = Debug|Any CPU
		{A8B8CB19-3387-469D-9C0A-4D2338FA800A}.Debug|Any CPU.Build.0 = Debug|Any CPU
		{A8B8CB19-3387-469D-9C0A-4D2338FA800A}.Release|Any CPU.ActiveCfg = Release|Any CPU
		{A8B8CB19-3387-469D-9C0A-4D2338FA800A}.Release|Any CPU.Build.0 = Release|Any CPU
	EndGlobalSection
	GlobalSection(SolutionProperties) = preSolution
		HideSolutionNode = FALSE
	EndGlobalSection
	GlobalSection(ExtensibilityGlobals) = postSolution
		SolutionGuid = {8A176F3F-5540-4C7D-A76B-5E89A5619534}
	EndGlobalSection
EndGlobal
